// !$*UTF8*$!
{
	archiveVersion = 1;
	classes = {
	};
	objectVersion = 46;
	objects = {

/* Begin PBXGroup section */
		031CD43D1BCEF0CF00ED4448 = {
			isa = PBXGroup;
			children = (
			);
			sourceTree = "<group>";
		};
/* End PBXGroup section */

/* Begin PBXProject section */
		031CD43E1BCEF0CF00ED4448 /* Project object */ = {
			isa = PBXProject;
			attributes = {
				LastUpgradeCheck = 0700;
			};
			buildConfigurationList = 031CD4411BCEF0CF00ED4448 /* Build configuration list for PBXProject "projectEuler1" */;
			compatibilityVersion = "Xcode 3.2";
			developmentRegion = English;
			hasScannedForEncodings = 0;
			knownRegions = (
				en,
			);
			mainGroup = 031CD43D1BCEF0CF00ED4448;
			projectDirPath = "";
			projectRoot = "";
			targets = (
			);
		};
/* End PBXProject section */

/* Begin XCBuildConfiguration section */
		031CD4421BCEF0CF00ED4448 /* Debug */ = {
			isa = XCBuildConfiguration;
			buildSettings = {
			};
			name = Debug;
		};
		031CD4431BCEF0CF00ED4448 /* Release */ = {
			isa = XCBuildConfiguration;
			buildSettings = {
			};
			name = Release;
		};
/* End XCBuildConfiguration section */

/* Begin XCConfigurationList section */
		031CD4411BCEF0CF00ED4448 /* Build configuration list for PBXProject "projectEuler1" */ = {
			isa = XCConfigurationList;
			buildConfigurations = (
				031CD4421BCEF0CF00ED4448 /* Debug */,
				031CD4431BCEF0CF00ED4448 /* Release */,
			);
			defaultConfigurationIsVisible = 0;
			defaultConfigurationName = Release;
		};
/* End XCConfigurationList section */
	};
	rootObject = 031CD43E1BCEF0CF00ED4448 /* Project object */;
}
